
Microsoft Visual Studio Solution File, Format Version 12.00
# Visual Studio Version 17
VisualStudioVersion = 17.8.34330.188
MinimumVisualStudioVersion = 10.0.40219.1
Project("{FAE04EC0-301F-11D3-BF4B-00C04F79EFBC}") = "Language", "Language\Language.csproj", "{D28EFEFF-61F6-42CE-80FD-275D5574D1ED}"
EndProject
Project("{8BC9CEB8-8B4A-11D0-8D11-00A0C91BC942}") = "аа", "аа\аа.vcxproj", "{D87EC9B9-B5BF-465A-95CA-C700CF367150}"
EndProject
Global
	GlobalSection(SolutionConfigurationPlatforms) = preSolution
		Debug|Any CPU = Debug|Any CPU
		Debug|x64 = Debug|x64
		Debug|x86 = Debug|x86
		Release|Any CPU = Release|Any CPU
		Release|x64 = Release|x64
		Release|x86 = Release|x86
	EndGlobalSection
	GlobalSection(ProjectConfigurationPlatforms) = postSolution
		{D28EFEFF-61F6-42CE-80FD-275D5574D1ED}.Debug|Any CPU.ActiveCfg = Debug|Any CPU
		{D28EFEFF-61F6-42CE-80FD-275D5574D1ED}.Debug|Any CPU.Build.0 = Debug|Any CPU
		{D28EFEFF-61F6-42CE-80FD-275D5574D1ED}.Debug|x64.ActiveCfg = Debug|Any CPU
		{D28EFEFF-61F6-42CE-80FD-275D5574D1ED}.Debug|x64.Build.0 = Debug|Any CPU
		{D28EFEFF-61F6-42CE-80FD-275D5574D1ED}.Debug|x86.ActiveCfg = Debug|Any CPU
		{D28EFEFF-61F6-42CE-80FD-275D5574D1ED}.Debug|x86.Build.0 = Debug|Any CPU
		{D28EFEFF-61F6-42CE-80FD-275D5574D1ED}.Release|Any CPU.ActiveCfg = Release|Any CPU
		{D28EFEFF-61F6-42CE-80FD-275D5574D1ED}.Release|Any CPU.Build.0 = Release|Any CPU
		{D28EFEFF-61F6-42CE-80FD-275D5574D1ED}.Release|x64.ActiveCfg = Release|Any CPU
		{D28EFEFF-61F6-42CE-80FD-275D5574D1ED}.Release|x64.Build.0 = Release|Any CPU
		{D28EFEFF-61F6-42CE-80FD-275D5574D1ED}.Release|x86.ActiveCfg = Release|Any CPU
		{D28EFEFF-61F6-42CE-80FD-275D5574D1ED}.Release|x86.Build.0 = Release|Any CPU
		{D87EC9B9-B5BF-465A-95CA-C700CF367150}.Debug|Any CPU.ActiveCfg = Debug|x64
		{D87EC9B9-B5BF-465A-95CA-C700CF367150}.Debug|Any CPU.Build.0 = Debug|x64
		{D87EC9B9-B5BF-465A-95CA-C700CF367150}.Debug|x64.ActiveCfg = Debug|x64
		{D87EC9B9-B5BF-465A-95CA-C700CF367150}.Debug|x64.Build.0 = Debug|x64
		{D87EC9B9-B5BF-465A-95CA-C700CF367150}.Debug|x86.ActiveCfg = Debug|Win32
		{D87EC9B9-B5BF-465A-95CA-C700CF367150}.Debug|x86.Build.0 = Debug|Win32
		{D87EC9B9-B5BF-465A-95CA-C700CF367150}.Release|Any CPU.ActiveCfg = Release|x64
		{D87EC9B9-B5BF-465A-95CA-C700CF367150}.Release|Any CPU.Build.0 = Release|x64
		{D87EC9B9-B5BF-465A-95CA-C700CF367150}.Release|x64.ActiveCfg = Release|x64
		{D87EC9B9-B5BF-465A-95CA-C700CF367150}.Release|x64.Build.0 = Release|x64
		{D87EC9B9-B5BF-465A-95CA-C700CF367150}.Release|x86.ActiveCfg = Release|Win32
		{D87EC9B9-B5BF-465A-95CA-C700CF367150}.Release|x86.Build.0 = Release|Win32
	EndGlobalSection
	GlobalSection(SolutionProperties) = preSolution
		HideSolutionNode = FALSE
	EndGlobalSection
	GlobalSection(ExtensibilityGlobals) = postSolution
		SolutionGuid = {FFCD8DF1-CDED-477B-B918-559AC75DA8C2}
	EndGlobalSection
EndGlobal
